Microsoft Visual Studio Solution File, Format Version 9.00
# Visual Studio 2005
Project("{F184B08F-C81C-45F6-A57F-5ABD9991F28F}") = "ODM_Tools1_1", "ODM_Tools1_1.vbproj", "{DFF3379F-699B-417F-89B2-2C8C19A279C1}"
	ProjectSection(WebsiteProperties) = preProject
		Debug.AspNetCompiler.Debug = "True"
		Release.AspNetCompiler.Debug = "False"
	EndProjectSection
EndProject
Project("{F184B08F-C81C-45F6-A57F-5ABD9991F28F}") = "ODM_CVUpdateDLL", "..\ODM_CVUpdateDLL\ODM_CVUpdateDLL.vbproj", "{680216F6-6052-4550-BE5D-8B874C2559EA}"
	ProjectSection(WebsiteProperties) = preProject
		Debug.AspNetCompiler.Debug = "True"
		Release.AspNetCompiler.Debug = "False"
	EndProjectSection
EndProject
Project("{54435603-DBB4-11D2-8724-00A0C9A8B90C}") = "Installer", "..\Installer\Installer.vdproj", "{ED134AA3-40F3-4985-87E7-AF80D875ABDA}"
	ProjectSection(WebsiteProperties) = preProject
		Debug.AspNetCompiler.Debug = "True"
		Release.AspNetCompiler.Debug = "False"
	EndProjectSection
EndProject
Project("{FAE04EC0-301F-11D3-BF4B-00C04F79EFBC}") = "ZedGraph.Web", "..\..\zedgraph_source_v515\ZedGraph 5.1 (.net 2)\web\ZedGraph.Web.csproj", "{B17D1463-CDA6-4E19-B1C9-41B82C84B7DD}"
	ProjectSection(WebsiteProperties) = preProject
		Debug.AspNetCompiler.Debug = "True"
		Release.AspNetCompiler.Debug = "False"
	EndProjectSection
EndProject
Project("{FAE04EC0-301F-11D3-BF4B-00C04F79EFBC}") = "ZedGraph", "..\..\zedgraph_source_v515\ZedGraph 5.1 (.net 2)\source\ZedGraph.csproj", "{2541686B-1673-43BF-AF89-3163945DB009}"
	ProjectSection(WebsiteProperties) = preProject
		Debug.AspNetCompiler.Debug = "True"
		Release.AspNetCompiler.Debug = "False"
	EndProjectSection
EndProject
Global
	GlobalSection(SourceCodeControl) = preSolution
		SccNumberOfProjects = 4
		SccProjectName0 = \u0022$/ODM/ODM\u0020Tools/ODM\u0020Tools\u00201.1.1/ODM_Tools.root/ODM_Tools\u0022,\u0020TYBBAAAA
		SccLocalPath0 = ..
		SccProvider0 = MSSCCI:Microsoft\u0020Visual\u0020SourceSafe
		SccProjectFilePathRelativizedFromConnection0 = ODM_Tools_2005_1.1\\
		SccProjectUniqueName1 = ..\\ODM_CVUpdateDLL\\ODM_CVUpdateDLL.vbproj
		SccLocalPath1 = ..
		SccProjectFilePathRelativizedFromConnection1 = ODM_CVUpdateDLL\\
		SccProjectUniqueName2 = ODM_Tools1_1.vbproj
		SccLocalPath2 = ..
		SccProjectFilePathRelativizedFromConnection2 = ODM_Tools_2005_1.1\\
		SccProjectUniqueName3 = ..\\Installer\\Installer.vdproj
		SccLocalPath3 = ..
		SccProjectFilePathRelativizedFromConnection3 = Installer\\
	EndGlobalSection
	GlobalSection(SolutionConfigurationPlatforms) = preSolution
		Debug|Any CPU = Debug|Any CPU
		Release|Any CPU = Release|Any CPU
	EndGlobalSection
	GlobalSection(ProjectConfigurationPlatforms) = postSolution
		{DFF3379F-699B-417F-89B2-2C8C19A279C1}.Debug|Any CPU.ActiveCfg = Debug|Any CPU
		{DFF3379F-699B-417F-89B2-2C8C19A279C1}.Debug|Any CPU.Build.0 = Debug|Any CPU
		{DFF3379F-699B-417F-89B2-2C8C19A279C1}.Release|Any CPU.ActiveCfg = Release|Any CPU
		{DFF3379F-699B-417F-89B2-2C8C19A279C1}.Release|Any CPU.Build.0 = Release|Any CPU
		{680216F6-6052-4550-BE5D-8B874C2559EA}.Debug|Any CPU.ActiveCfg = Debug|Any CPU
		{680216F6-6052-4550-BE5D-8B874C2559EA}.Debug|Any CPU.Build.0 = Debug|Any CPU
		{680216F6-6052-4550-BE5D-8B874C2559EA}.Release|Any CPU.ActiveCfg = Release|Any CPU
		{680216F6-6052-4550-BE5D-8B874C2559EA}.Release|Any CPU.Build.0 = Release|Any CPU
		{ED134AA3-40F3-4985-87E7-AF80D875ABDA}.Debug|Any CPU.ActiveCfg = Debug
		{ED134AA3-40F3-4985-87E7-AF80D875ABDA}.Release|Any CPU.ActiveCfg = Release
		{B17D1463-CDA6-4E19-B1C9-41B82C84B7DD}.Debug|Any CPU.ActiveCfg = Debug|Any CPU
		{B17D1463-CDA6-4E19-B1C9-41B82C84B7DD}.Debug|Any CPU.Build.0 = Debug|Any CPU
		{B17D1463-CDA6-4E19-B1C9-41B82C84B7DD}.Release|Any CPU.ActiveCfg = Release|Any CPU
		{B17D1463-CDA6-4E19-B1C9-41B82C84B7DD}.Release|Any CPU.Build.0 = Release|Any CPU
		{2541686B-1673-43BF-AF89-3163945DB009}.Debug|Any CPU.ActiveCfg = Debug|Any CPU
		{2541686B-1673-43BF-AF89-3163945DB009}.Debug|Any CPU.Build.0 = Debug|Any CPU
		{2541686B-1673-43BF-AF89-3163945DB009}.Release|Any CPU.ActiveCfg = Release|Any CPU
		{2541686B-1673-43BF-AF89-3163945DB009}.Release|Any CPU.Build.0 = Release|Any CPU
	EndGlobalSection
	GlobalSection(SolutionProperties) = preSolution
		HideSolutionNode = FALSE
	EndGlobalSection
EndGlobal
