Microsoft Visual Studio Solution File, Format Version 11.00
# Visual Studio 2010
Project("{2150E333-8FDC-42A3-9474-1A3956D46DE8}") = "Solution Items", "Solution Items", "{B626EB45-21B7-474E-AD5C-FFF9F3315170}"
	ProjectSection(SolutionItems) = preProject
		genericODws.vsmdi = genericODws.vsmdi
		localtestrun.testrunconfig = localtestrun.testrunconfig
		ReadMe_ToBuild.txt = ReadMe_ToBuild.txt
	EndProjectSection
	ProjectSection(FolderStartupServices) = postProject
		{B4F97281-0DBD-4835-9ED8-7DFB966E87FF} = {B4F97281-0DBD-4835-9ED8-7DFB966E87FF}
		{B4F97281-0DBD-4835-9ED8-7DFB966E87FF} = {B4F97281-0DBD-4835-9ED8-7DFB966E87FF}
		{B4F97281-0DBD-4835-9ED8-7DFB966E87FF} = {B4F97281-0DBD-4835-9ED8-7DFB966E87FF}
		{B4F97281-0DBD-4835-9ED8-7DFB966E87FF} = {B4F97281-0DBD-4835-9ED8-7DFB966E87FF}
		{B4F97281-0DBD-4835-9ED8-7DFB966E87FF} = {B4F97281-0DBD-4835-9ED8-7DFB966E87FF}
		{B4F97281-0DBD-4835-9ED8-7DFB966E87FF} = {B4F97281-0DBD-4835-9ED8-7DFB966E87FF}
		{B4F97281-0DBD-4835-9ED8-7DFB966E87FF} = {B4F97281-0DBD-4835-9ED8-7DFB966E87FF}
		{B4F97281-0DBD-4835-9ED8-7DFB966E87FF} = {B4F97281-0DBD-4835-9ED8-7DFB966E87FF}
		{B4F97281-0DBD-4835-9ED8-7DFB966E87FF} = {B4F97281-0DBD-4835-9ED8-7DFB966E87FF}
		{B4F97281-0DBD-4835-9ED8-7DFB966E87FF} = {B4F97281-0DBD-4835-9ED8-7DFB966E87FF}
		{B4F97281-0DBD-4835-9ED8-7DFB966E87FF} = {B4F97281-0DBD-4835-9ED8-7DFB966E87FF}
		{B4F97281-0DBD-4835-9ED8-7DFB966E87FF} = {B4F97281-0DBD-4835-9ED8-7DFB966E87FF}
		{B4F97281-0DBD-4835-9ED8-7DFB966E87FF} = {B4F97281-0DBD-4835-9ED8-7DFB966E87FF}
		{B4F97281-0DBD-4835-9ED8-7DFB966E87FF} = {B4F97281-0DBD-4835-9ED8-7DFB966E87FF}
		{B4F97281-0DBD-4835-9ED8-7DFB966E87FF} = {B4F97281-0DBD-4835-9ED8-7DFB966E87FF}
		{B4F97281-0DBD-4835-9ED8-7DFB966E87FF} = {B4F97281-0DBD-4835-9ED8-7DFB966E87FF}
		{B4F97281-0DBD-4835-9ED8-7DFB966E87FF} = {B4F97281-0DBD-4835-9ED8-7DFB966E87FF}
		{B4F97281-0DBD-4835-9ED8-7DFB966E87FF} = {B4F97281-0DBD-4835-9ED8-7DFB966E87FF}
		{B4F97281-0DBD-4835-9ED8-7DFB966E87FF} = {B4F97281-0DBD-4835-9ED8-7DFB966E87FF}
		{B4F97281-0DBD-4835-9ED8-7DFB966E87FF} = {B4F97281-0DBD-4835-9ED8-7DFB966E87FF}
		{B4F97281-0DBD-4835-9ED8-7DFB966E87FF} = {B4F97281-0DBD-4835-9ED8-7DFB966E87FF}
		{B4F97281-0DBD-4835-9ED8-7DFB966E87FF} = {B4F97281-0DBD-4835-9ED8-7DFB966E87FF}
		{B4F97281-0DBD-4835-9ED8-7DFB966E87FF} = {B4F97281-0DBD-4835-9ED8-7DFB966E87FF}
		{B4F97281-0DBD-4835-9ED8-7DFB966E87FF} = {B4F97281-0DBD-4835-9ED8-7DFB966E87FF}
		{B4F97281-0DBD-4835-9ED8-7DFB966E87FF} = {B4F97281-0DBD-4835-9ED8-7DFB966E87FF}
		{B4F97281-0DBD-4835-9ED8-7DFB966E87FF} = {B4F97281-0DBD-4835-9ED8-7DFB966E87FF}
		{B4F97281-0DBD-4835-9ED8-7DFB966E87FF} = {B4F97281-0DBD-4835-9ED8-7DFB966E87FF}
		{B4F97281-0DBD-4835-9ED8-7DFB966E87FF} = {B4F97281-0DBD-4835-9ED8-7DFB966E87FF}
		{B4F97281-0DBD-4835-9ED8-7DFB966E87FF} = {B4F97281-0DBD-4835-9ED8-7DFB966E87FF}
		{B4F97281-0DBD-4835-9ED8-7DFB966E87FF} = {B4F97281-0DBD-4835-9ED8-7DFB966E87FF}
		{B4F97281-0DBD-4835-9ED8-7DFB966E87FF} = {B4F97281-0DBD-4835-9ED8-7DFB966E87FF}
		{B4F97281-0DBD-4835-9ED8-7DFB966E87FF} = {B4F97281-0DBD-4835-9ED8-7DFB966E87FF}
		{B4F97281-0DBD-4835-9ED8-7DFB966E87FF} = {B4F97281-0DBD-4835-9ED8-7DFB966E87FF}
		{B4F97281-0DBD-4835-9ED8-7DFB966E87FF} = {B4F97281-0DBD-4835-9ED8-7DFB966E87FF}
		{B4F97281-0DBD-4835-9ED8-7DFB966E87FF} = {B4F97281-0DBD-4835-9ED8-7DFB966E87FF}
		{B4F97281-0DBD-4835-9ED8-7DFB966E87FF} = {B4F97281-0DBD-4835-9ED8-7DFB966E87FF}
		{B4F97281-0DBD-4835-9ED8-7DFB966E87FF} = {B4F97281-0DBD-4835-9ED8-7DFB966E87FF}
		{B4F97281-0DBD-4835-9ED8-7DFB966E87FF} = {B4F97281-0DBD-4835-9ED8-7DFB966E87FF}
		{B4F97281-0DBD-4835-9ED8-7DFB966E87FF} = {B4F97281-0DBD-4835-9ED8-7DFB966E87FF}
		{B4F97281-0DBD-4835-9ED8-7DFB966E87FF} = {B4F97281-0DBD-4835-9ED8-7DFB966E87FF}
		{B4F97281-0DBD-4835-9ED8-7DFB966E87FF} = {B4F97281-0DBD-4835-9ED8-7DFB966E87FF}
		{B4F97281-0DBD-4835-9ED8-7DFB966E87FF} = {B4F97281-0DBD-4835-9ED8-7DFB966E87FF}
		{B4F97281-0DBD-4835-9ED8-7DFB966E87FF} = {B4F97281-0DBD-4835-9ED8-7DFB966E87FF}
		{B4F97281-0DBD-4835-9ED8-7DFB966E87FF} = {B4F97281-0DBD-4835-9ED8-7DFB966E87FF}
		{B4F97281-0DBD-4835-9ED8-7DFB966E87FF} = {B4F97281-0DBD-4835-9ED8-7DFB966E87FF}
		{B4F97281-0DBD-4835-9ED8-7DFB966E87FF} = {B4F97281-0DBD-4835-9ED8-7DFB966E87FF}
		{B4F97281-0DBD-4835-9ED8-7DFB966E87FF} = {B4F97281-0DBD-4835-9ED8-7DFB966E87FF}
		{B4F97281-0DBD-4835-9ED8-7DFB966E87FF} = {B4F97281-0DBD-4835-9ED8-7DFB966E87FF}
		{B4F97281-0DBD-4835-9ED8-7DFB966E87FF} = {B4F97281-0DBD-4835-9ED8-7DFB966E87FF}
		{B4F97281-0DBD-4835-9ED8-7DFB966E87FF} = {B4F97281-0DBD-4835-9ED8-7DFB966E87FF}
		{B4F97281-0DBD-4835-9ED8-7DFB966E87FF} = {B4F97281-0DBD-4835-9ED8-7DFB966E87FF}
		{B4F97281-0DBD-4835-9ED8-7DFB966E87FF} = {B4F97281-0DBD-4835-9ED8-7DFB966E87FF}
		{B4F97281-0DBD-4835-9ED8-7DFB966E87FF} = {B4F97281-0DBD-4835-9ED8-7DFB966E87FF}
		{B4F97281-0DBD-4835-9ED8-7DFB966E87FF} = {B4F97281-0DBD-4835-9ED8-7DFB966E87FF}
		{B4F97281-0DBD-4835-9ED8-7DFB966E87FF} = {B4F97281-0DBD-4835-9ED8-7DFB966E87FF}
		{B4F97281-0DBD-4835-9ED8-7DFB966E87FF} = {B4F97281-0DBD-4835-9ED8-7DFB966E87FF}
		{B4F97281-0DBD-4835-9ED8-7DFB966E87FF} = {B4F97281-0DBD-4835-9ED8-7DFB966E87FF}
		{B4F97281-0DBD-4835-9ED8-7DFB966E87FF} = {B4F97281-0DBD-4835-9ED8-7DFB966E87FF}
		{B4F97281-0DBD-4835-9ED8-7DFB966E87FF} = {B4F97281-0DBD-4835-9ED8-7DFB966E87FF}
		{B4F97281-0DBD-4835-9ED8-7DFB966E87FF} = {B4F97281-0DBD-4835-9ED8-7DFB966E87FF}
		{B4F97281-0DBD-4835-9ED8-7DFB966E87FF} = {B4F97281-0DBD-4835-9ED8-7DFB966E87FF}
		{B4F97281-0DBD-4835-9ED8-7DFB966E87FF} = {B4F97281-0DBD-4835-9ED8-7DFB966E87FF}
		{B4F97281-0DBD-4835-9ED8-7DFB966E87FF} = {B4F97281-0DBD-4835-9ED8-7DFB966E87FF}
		{B4F97281-0DBD-4835-9ED8-7DFB966E87FF} = {B4F97281-0DBD-4835-9ED8-7DFB966E87FF}
		{B4F97281-0DBD-4835-9ED8-7DFB966E87FF} = {B4F97281-0DBD-4835-9ED8-7DFB966E87FF}
		{B4F97281-0DBD-4835-9ED8-7DFB966E87FF} = {B4F97281-0DBD-4835-9ED8-7DFB966E87FF}
		{B4F97281-0DBD-4835-9ED8-7DFB966E87FF} = {B4F97281-0DBD-4835-9ED8-7DFB966E87FF}
		{B4F97281-0DBD-4835-9ED8-7DFB966E87FF} = {B4F97281-0DBD-4835-9ED8-7DFB966E87FF}
		{B4F97281-0DBD-4835-9ED8-7DFB966E87FF} = {B4F97281-0DBD-4835-9ED8-7DFB966E87FF}
		{B4F97281-0DBD-4835-9ED8-7DFB966E87FF} = {B4F97281-0DBD-4835-9ED8-7DFB966E87FF}
		{B4F97281-0DBD-4835-9ED8-7DFB966E87FF} = {B4F97281-0DBD-4835-9ED8-7DFB966E87FF}
		{B4F97281-0DBD-4835-9ED8-7DFB966E87FF} = {B4F97281-0DBD-4835-9ED8-7DFB966E87FF}
		{B4F97281-0DBD-4835-9ED8-7DFB966E87FF} = {B4F97281-0DBD-4835-9ED8-7DFB966E87FF}
		{B4F97281-0DBD-4835-9ED8-7DFB966E87FF} = {B4F97281-0DBD-4835-9ED8-7DFB966E87FF}
		{B4F97281-0DBD-4835-9ED8-7DFB966E87FF} = {B4F97281-0DBD-4835-9ED8-7DFB966E87FF}
		{B4F97281-0DBD-4835-9ED8-7DFB966E87FF} = {B4F97281-0DBD-4835-9ED8-7DFB966E87FF}
		{B4F97281-0DBD-4835-9ED8-7DFB966E87FF} = {B4F97281-0DBD-4835-9ED8-7DFB966E87FF}
		{B4F97281-0DBD-4835-9ED8-7DFB966E87FF} = {B4F97281-0DBD-4835-9ED8-7DFB966E87FF}
		{B4F97281-0DBD-4835-9ED8-7DFB966E87FF} = {B4F97281-0DBD-4835-9ED8-7DFB966E87FF}
		{B4F97281-0DBD-4835-9ED8-7DFB966E87FF} = {B4F97281-0DBD-4835-9ED8-7DFB966E87FF}
		{B4F97281-0DBD-4835-9ED8-7DFB966E87FF} = {B4F97281-0DBD-4835-9ED8-7DFB966E87FF}
		{B4F97281-0DBD-4835-9ED8-7DFB966E87FF} = {B4F97281-0DBD-4835-9ED8-7DFB966E87FF}
		{B4F97281-0DBD-4835-9ED8-7DFB966E87FF} = {B4F97281-0DBD-4835-9ED8-7DFB966E87FF}
		{B4F97281-0DBD-4835-9ED8-7DFB966E87FF} = {B4F97281-0DBD-4835-9ED8-7DFB966E87FF}
		{B4F97281-0DBD-4835-9ED8-7DFB966E87FF} = {B4F97281-0DBD-4835-9ED8-7DFB966E87FF}
		{B4F97281-0DBD-4835-9ED8-7DFB966E87FF} = {B4F97281-0DBD-4835-9ED8-7DFB966E87FF}
		{B4F97281-0DBD-4835-9ED8-7DFB966E87FF} = {B4F97281-0DBD-4835-9ED8-7DFB966E87FF}
		{B4F97281-0DBD-4835-9ED8-7DFB966E87FF} = {B4F97281-0DBD-4835-9ED8-7DFB966E87FF}
		{B4F97281-0DBD-4835-9ED8-7DFB966E87FF} = {B4F97281-0DBD-4835-9ED8-7DFB966E87FF}
		{B4F97281-0DBD-4835-9ED8-7DFB966E87FF} = {B4F97281-0DBD-4835-9ED8-7DFB966E87FF}
		{B4F97281-0DBD-4835-9ED8-7DFB966E87FF} = {B4F97281-0DBD-4835-9ED8-7DFB966E87FF}
		{B4F97281-0DBD-4835-9ED8-7DFB966E87FF} = {B4F97281-0DBD-4835-9ED8-7DFB966E87FF}
		{B4F97281-0DBD-4835-9ED8-7DFB966E87FF} = {B4F97281-0DBD-4835-9ED8-7DFB966E87FF}
		{B4F97281-0DBD-4835-9ED8-7DFB966E87FF} = {B4F97281-0DBD-4835-9ED8-7DFB966E87FF}
		{B4F97281-0DBD-4835-9ED8-7DFB966E87FF} = {B4F97281-0DBD-4835-9ED8-7DFB966E87FF}
		{B4F97281-0DBD-4835-9ED8-7DFB966E87FF} = {B4F97281-0DBD-4835-9ED8-7DFB966E87FF}
		{B4F97281-0DBD-4835-9ED8-7DFB966E87FF} = {B4F97281-0DBD-4835-9ED8-7DFB966E87FF}
		{B4F97281-0DBD-4835-9ED8-7DFB966E87FF} = {B4F97281-0DBD-4835-9ED8-7DFB966E87FF}
		{B4F97281-0DBD-4835-9ED8-7DFB966E87FF} = {B4F97281-0DBD-4835-9ED8-7DFB966E87FF}
		{B4F97281-0DBD-4835-9ED8-7DFB966E87FF} = {B4F97281-0DBD-4835-9ED8-7DFB966E87FF}
		{B4F97281-0DBD-4835-9ED8-7DFB966E87FF} = {B4F97281-0DBD-4835-9ED8-7DFB966E87FF}
		{B4F97281-0DBD-4835-9ED8-7DFB966E87FF} = {B4F97281-0DBD-4835-9ED8-7DFB966E87FF}
		{B4F97281-0DBD-4835-9ED8-7DFB966E87FF} = {B4F97281-0DBD-4835-9ED8-7DFB966E87FF}
		{B4F97281-0DBD-4835-9ED8-7DFB966E87FF} = {B4F97281-0DBD-4835-9ED8-7DFB966E87FF}
		{B4F97281-0DBD-4835-9ED8-7DFB966E87FF} = {B4F97281-0DBD-4835-9ED8-7DFB966E87FF}
		{B4F97281-0DBD-4835-9ED8-7DFB966E87FF} = {B4F97281-0DBD-4835-9ED8-7DFB966E87FF}
		{B4F97281-0DBD-4835-9ED8-7DFB966E87FF} = {B4F97281-0DBD-4835-9ED8-7DFB966E87FF}
		{B4F97281-0DBD-4835-9ED8-7DFB966E87FF} = {B4F97281-0DBD-4835-9ED8-7DFB966E87FF}
		{B4F97281-0DBD-4835-9ED8-7DFB966E87FF} = {B4F97281-0DBD-4835-9ED8-7DFB966E87FF}
		{B4F97281-0DBD-4835-9ED8-7DFB966E87FF} = {B4F97281-0DBD-4835-9ED8-7DFB966E87FF}
		{B4F97281-0DBD-4835-9ED8-7DFB966E87FF} = {B4F97281-0DBD-4835-9ED8-7DFB966E87FF}
		{B4F97281-0DBD-4835-9ED8-7DFB966E87FF} = {B4F97281-0DBD-4835-9ED8-7DFB966E87FF}
		{B4F97281-0DBD-4835-9ED8-7DFB966E87FF} = {B4F97281-0DBD-4835-9ED8-7DFB966E87FF}
		{B4F97281-0DBD-4835-9ED8-7DFB966E87FF} = {B4F97281-0DBD-4835-9ED8-7DFB966E87FF}
		{B4F97281-0DBD-4835-9ED8-7DFB966E87FF} = {B4F97281-0DBD-4835-9ED8-7DFB966E87FF}
		{B4F97281-0DBD-4835-9ED8-7DFB966E87FF} = {B4F97281-0DBD-4835-9ED8-7DFB966E87FF}
		{B4F97281-0DBD-4835-9ED8-7DFB966E87FF} = {B4F97281-0DBD-4835-9ED8-7DFB966E87FF}
		{B4F97281-0DBD-4835-9ED8-7DFB966E87FF} = {B4F97281-0DBD-4835-9ED8-7DFB966E87FF}
		{B4F97281-0DBD-4835-9ED8-7DFB966E87FF} = {B4F97281-0DBD-4835-9ED8-7DFB966E87FF}
		{B4F97281-0DBD-4835-9ED8-7DFB966E87FF} = {B4F97281-0DBD-4835-9ED8-7DFB966E87FF}
		{B4F97281-0DBD-4835-9ED8-7DFB966E87FF} = {B4F97281-0DBD-4835-9ED8-7DFB966E87FF}
		{B4F97281-0DBD-4835-9ED8-7DFB966E87FF} = {B4F97281-0DBD-4835-9ED8-7DFB966E87FF}
		{B4F97281-0DBD-4835-9ED8-7DFB966E87FF} = {B4F97281-0DBD-4835-9ED8-7DFB966E87FF}
		{B4F97281-0DBD-4835-9ED8-7DFB966E87FF} = {B4F97281-0DBD-4835-9ED8-7DFB966E87FF}
		{B4F97281-0DBD-4835-9ED8-7DFB966E87FF} = {B4F97281-0DBD-4835-9ED8-7DFB966E87FF}
		{B4F97281-0DBD-4835-9ED8-7DFB966E87FF} = {B4F97281-0DBD-4835-9ED8-7DFB966E87FF}
		{B4F97281-0DBD-4835-9ED8-7DFB966E87FF} = {B4F97281-0DBD-4835-9ED8-7DFB966E87FF}
		{B4F97281-0DBD-4835-9ED8-7DFB966E87FF} = {B4F97281-0DBD-4835-9ED8-7DFB966E87FF}
	EndProjectSection
EndProject
Project("{E24C65DC-7377-472B-9ABA-BC803B73C61A}") = "genericODws", "genericODws\", "{442B8999-6C1E-4204-9920-D73A0237308D}"
	ProjectSection(WebsiteProperties) = preProject
		SccProjectName = ""
		SccAuxPath = ""
		SccLocalPath = ""
		SccProvider = ""
		TargetFrameworkMoniker = ".NETFramework,Version%3Dv3.5"
		ProjectReferences = "{5EEAEAA9-A624-4C68-A6B9-250AF448DE4B}|ODM1_1_Datasets.dll;{7CC3CBAF-84AA-4C14-95A8-926C92580F3E}|ODM1_0_Datasets.dll;{79C351EE-392B-474E-B182-E75D558A4EB7}|WaterOneFlowUtilitiesCode.dll;{32144077-B780-491E-B0F4-EA29440B056B}|WofAuthentication.dll;{533D0719-6D5F-4F02-BD8C-B3D829E9DEB2}|waterOneFlowImpl.dll;"
		Debug.AspNetCompiler.VirtualPath = "/genericODws"
		Debug.AspNetCompiler.PhysicalPath = "genericODws\"
		Debug.AspNetCompiler.TargetPath = "PrecompiledWeb\genericODws\"
		Debug.AspNetCompiler.Updateable = "true"
		Debug.AspNetCompiler.ForceOverwrite = "true"
		Debug.AspNetCompiler.FixedNames = "false"
		Debug.AspNetCompiler.Debug = "True"
		Release.AspNetCompiler.VirtualPath = "/genericODws"
		Release.AspNetCompiler.PhysicalPath = "genericODws\"
		Release.AspNetCompiler.TargetPath = "PrecompiledWeb\genericODws\"
		Release.AspNetCompiler.Updateable = "true"
		Release.AspNetCompiler.ForceOverwrite = "true"
		Release.AspNetCompiler.FixedNames = "false"
		Release.AspNetCompiler.Debug = "False"
		VWDPort = "6278"
		VWDDynamicPort = "false"
		DefaultWebSiteLanguage = "Visual C#"
	EndProjectSection
EndProject
Project("{FAE04EC0-301F-11D3-BF4B-00C04F79EFBC}") = "waterOneFlowImpl", "waterOneFlowImpl\waterOneFlowImpl.csproj", "{533D0719-6D5F-4F02-BD8C-B3D829E9DEB2}"
EndProject
Project("{54435603-DBB4-11D2-8724-00A0C9A8B90C}") = "GenericWSSetup", "GenericWSSetup\GenericWSSetup.vdproj", "{3F88F566-467C-4F51-A3CD-A06A52505AC9}"
EndProject
Project("{2CFEAB61-6A3B-4EB8-B523-560B4BEEF521}") = "genericODws_deploy", "genericODws_deploy\genericODws_deploy.wdproj", "{76F0008E-04E7-448E-907F-01FF469874DC}"
EndProject
Project("{FAE04EC0-301F-11D3-BF4B-00C04F79EFBC}") = "CustomInstallAction", "CustomInstallAction\CustomInstallAction.csproj", "{E16ABD2F-E3B8-498D-A441-09928E54E4C2}"
EndProject
Project("{FAE04EC0-301F-11D3-BF4B-00C04F79EFBC}") = "CodeRewriter", "CodeRewriter\CodeRewriter.csproj", "{79C351EE-392B-474E-B182-E75D558A4EB7}"
EndProject
Project("{FAE04EC0-301F-11D3-BF4B-00C04F79EFBC}") = "CodeRewriterTest", "CodeRewriterTest\CodeRewriterTest.csproj", "{6C533CAF-5213-49F2-A980-D04E6C40D18E}"
EndProject
Project("{FAE04EC0-301F-11D3-BF4B-00C04F79EFBC}") = "ODM1_1_Datasets", "ODM1_1_Datasets\ODM1_1_Datasets.csproj", "{5EEAEAA9-A624-4C68-A6B9-250AF448DE4B}"
EndProject
Project("{FAE04EC0-301F-11D3-BF4B-00C04F79EFBC}") = "ODM1_0_Datasets", "ODM1_0_Datasets\ODM1_0_Datasets.csproj", "{7CC3CBAF-84AA-4C14-95A8-926C92580F3E}"
EndProject
Project("{FAE04EC0-301F-11D3-BF4B-00C04F79EFBC}") = "WofAuthentication", "WofAuthentication\WofAuthentication.csproj", "{32144077-B780-491E-B0F4-EA29440B056B}"
EndProject
Project("{FAE04EC0-301F-11D3-BF4B-00C04F79EFBC}") = "GenericGrabSampleFiles", "GenericGrabSampleFiles\GenericGrabSampleFiles.csproj", "{248EF659-0FA1-4309-BC7A-CB5695D7C345}"
EndProject
Project("{FAE04EC0-301F-11D3-BF4B-00C04F79EFBC}") = "EncryptConnectionStrings", "EncryptConnectionStrings\EncryptConnectionStrings.csproj", "{ED7EE273-9B41-4981-8709-79BF4A50E0A8}"
EndProject
Global
	GlobalSection(TestCaseManagementSettings) = postSolution
		CategoryFile = genericODws.vsmdi
	EndGlobalSection
	GlobalSection(SolutionConfigurationPlatforms) = preSolution
		Debug|.NET = Debug|.NET
		Debug|Any CPU = Debug|Any CPU
		Debug|Mixed Platforms = Debug|Mixed Platforms
		Default|.NET = Default|.NET
		Default|Any CPU = Default|Any CPU
		Default|Mixed Platforms = Default|Mixed Platforms
		Release|.NET = Release|.NET
		Release|Any CPU = Release|Any CPU
		Release|Mixed Platforms = Release|Mixed Platforms
		WaterDev|.NET = WaterDev|.NET
		WaterDev|Any CPU = WaterDev|Any CPU
		WaterDev|Mixed Platforms = WaterDev|Mixed Platforms
	EndGlobalSection
	GlobalSection(ProjectConfigurationPlatforms) = postSolution
		{442B8999-6C1E-4204-9920-D73A0237308D}.Debug|.NET.ActiveCfg = Debug|.NET
		{442B8999-6C1E-4204-9920-D73A0237308D}.Debug|.NET.Build.0 = Debug|.NET
		{442B8999-6C1E-4204-9920-D73A0237308D}.Debug|Any CPU.ActiveCfg = Debug|.NET
		{442B8999-6C1E-4204-9920-D73A0237308D}.Debug|Mixed Platforms.ActiveCfg = Debug|.NET
		{442B8999-6C1E-4204-9920-D73A0237308D}.Debug|Mixed Platforms.Build.0 = Debug|.NET
		{442B8999-6C1E-4204-9920-D73A0237308D}.Default|.NET.ActiveCfg = Debug|.NET
		{442B8999-6C1E-4204-9920-D73A0237308D}.Default|.NET.Build.0 = Debug|.NET
		{442B8999-6C1E-4204-9920-D73A0237308D}.Default|Any CPU.ActiveCfg = Debug|.NET
		{442B8999-6C1E-4204-9920-D73A0237308D}.Default|Mixed Platforms.ActiveCfg = Debug|.NET
		{442B8999-6C1E-4204-9920-D73A0237308D}.Default|Mixed Platforms.Build.0 = Debug|.NET
		{442B8999-6C1E-4204-9920-D73A0237308D}.Release|.NET.ActiveCfg = Debug|.NET
		{442B8999-6C1E-4204-9920-D73A0237308D}.Release|Any CPU.ActiveCfg = Debug|.NET
		{442B8999-6C1E-4204-9920-D73A0237308D}.Release|Mixed Platforms.ActiveCfg = Debug|.NET
		{442B8999-6C1E-4204-9920-D73A0237308D}.Release|Mixed Platforms.Build.0 = Debug|.NET
		{442B8999-6C1E-4204-9920-D73A0237308D}.WaterDev|.NET.ActiveCfg = Debug|.NET
		{442B8999-6C1E-4204-9920-D73A0237308D}.WaterDev|.NET.Build.0 = Debug|.NET
		{442B8999-6C1E-4204-9920-D73A0237308D}.WaterDev|Any CPU.ActiveCfg = Debug|.NET
		{442B8999-6C1E-4204-9920-D73A0237308D}.WaterDev|Mixed Platforms.ActiveCfg = Debug|.NET
		{442B8999-6C1E-4204-9920-D73A0237308D}.WaterDev|Mixed Platforms.Build.0 = Debug|.NET
		{533D0719-6D5F-4F02-BD8C-B3D829E9DEB2}.Debug|.NET.ActiveCfg = Debug|Any CPU
		{533D0719-6D5F-4F02-BD8C-B3D829E9DEB2}.Debug|.NET.Build.0 = Debug|Any CPU
		{533D0719-6D5F-4F02-BD8C-B3D829E9DEB2}.Debug|Any CPU.ActiveCfg = Debug|Any CPU
		{533D0719-6D5F-4F02-BD8C-B3D829E9DEB2}.Debug|Any CPU.Build.0 = Debug|Any CPU
		{533D0719-6D5F-4F02-BD8C-B3D829E9DEB2}.Debug|Mixed Platforms.ActiveCfg = Debug|Any CPU
		{533D0719-6D5F-4F02-BD8C-B3D829E9DEB2}.Debug|Mixed Platforms.Build.0 = Debug|Any CPU
		{533D0719-6D5F-4F02-BD8C-B3D829E9DEB2}.Default|.NET.ActiveCfg = Debug|Any CPU
		{533D0719-6D5F-4F02-BD8C-B3D829E9DEB2}.Default|.NET.Build.0 = Debug|Any CPU
		{533D0719-6D5F-4F02-BD8C-B3D829E9DEB2}.Default|Any CPU.ActiveCfg = Debug|Any CPU
		{533D0719-6D5F-4F02-BD8C-B3D829E9DEB2}.Default|Any CPU.Build.0 = Debug|Any CPU
		{533D0719-6D5F-4F02-BD8C-B3D829E9DEB2}.Default|Mixed Platforms.ActiveCfg = Debug|Any CPU
		{533D0719-6D5F-4F02-BD8C-B3D829E9DEB2}.Default|Mixed Platforms.Build.0 = Debug|Any CPU
		{533D0719-6D5F-4F02-BD8C-B3D829E9DEB2}.Release|.NET.ActiveCfg = Release|Any CPU
		{533D0719-6D5F-4F02-BD8C-B3D829E9DEB2}.Release|Any CPU.ActiveCfg = Release|Any CPU
		{533D0719-6D5F-4F02-BD8C-B3D829E9DEB2}.Release|Any CPU.Build.0 = Release|Any CPU
		{533D0719-6D5F-4F02-BD8C-B3D829E9DEB2}.Release|Mixed Platforms.ActiveCfg = Release|Any CPU
		{533D0719-6D5F-4F02-BD8C-B3D829E9DEB2}.Release|Mixed Platforms.Build.0 = Release|Any CPU
		{533D0719-6D5F-4F02-BD8C-B3D829E9DEB2}.WaterDev|.NET.ActiveCfg = WaterDev|Any CPU
		{533D0719-6D5F-4F02-BD8C-B3D829E9DEB2}.WaterDev|.NET.Build.0 = WaterDev|Any CPU
		{533D0719-6D5F-4F02-BD8C-B3D829E9DEB2}.WaterDev|Any CPU.ActiveCfg = WaterDev|Any CPU
		{533D0719-6D5F-4F02-BD8C-B3D829E9DEB2}.WaterDev|Mixed Platforms.ActiveCfg = WaterDev|Any CPU
		{533D0719-6D5F-4F02-BD8C-B3D829E9DEB2}.WaterDev|Mixed Platforms.Build.0 = WaterDev|Any CPU
		{3F88F566-467C-4F51-A3CD-A06A52505AC9}.Debug|.NET.ActiveCfg = Debug
		{3F88F566-467C-4F51-A3CD-A06A52505AC9}.Debug|Any CPU.ActiveCfg = Debug
		{3F88F566-467C-4F51-A3CD-A06A52505AC9}.Debug|Mixed Platforms.ActiveCfg = Debug
		{3F88F566-467C-4F51-A3CD-A06A52505AC9}.Default|.NET.ActiveCfg = Debug
		{3F88F566-467C-4F51-A3CD-A06A52505AC9}.Default|Any CPU.ActiveCfg = Debug
		{3F88F566-467C-4F51-A3CD-A06A52505AC9}.Default|Any CPU.Build.0 = Debug
		{3F88F566-467C-4F51-A3CD-A06A52505AC9}.Default|Mixed Platforms.ActiveCfg = Debug
		{3F88F566-467C-4F51-A3CD-A06A52505AC9}.Default|Mixed Platforms.Build.0 = Debug
		{3F88F566-467C-4F51-A3CD-A06A52505AC9}.Release|.NET.ActiveCfg = Release
		{3F88F566-467C-4F51-A3CD-A06A52505AC9}.Release|.NET.Build.0 = Release
		{3F88F566-467C-4F51-A3CD-A06A52505AC9}.Release|Any CPU.ActiveCfg = Release
		{3F88F566-467C-4F51-A3CD-A06A52505AC9}.Release|Mixed Platforms.ActiveCfg = Release
		{3F88F566-467C-4F51-A3CD-A06A52505AC9}.WaterDev|.NET.ActiveCfg = WaterDev
		{3F88F566-467C-4F51-A3CD-A06A52505AC9}.WaterDev|Any CPU.ActiveCfg = WaterDev
		{3F88F566-467C-4F51-A3CD-A06A52505AC9}.WaterDev|Any CPU.Build.0 = WaterDev
		{3F88F566-467C-4F51-A3CD-A06A52505AC9}.WaterDev|Mixed Platforms.ActiveCfg = WaterDev
		{3F88F566-467C-4F51-A3CD-A06A52505AC9}.WaterDev|Mixed Platforms.Build.0 = WaterDev
		{76F0008E-04E7-448E-907F-01FF469874DC}.Debug|.NET.ActiveCfg = Debug|Any CPU
		{76F0008E-04E7-448E-907F-01FF469874DC}.Debug|Any CPU.ActiveCfg = Debug|Any CPU
		{76F0008E-04E7-448E-907F-01FF469874DC}.Debug|Any CPU.Build.0 = Debug|Any CPU
		{76F0008E-04E7-448E-907F-01FF469874DC}.Debug|Mixed Platforms.ActiveCfg = Debug|Any CPU
		{76F0008E-04E7-448E-907F-01FF469874DC}.Debug|Mixed Platforms.Build.0 = Debug|Any CPU
		{76F0008E-04E7-448E-907F-01FF469874DC}.Default|.NET.ActiveCfg = Debug|Any CPU
		{76F0008E-04E7-448E-907F-01FF469874DC}.Default|Any CPU.ActiveCfg = Debug|Any CPU
		{76F0008E-04E7-448E-907F-01FF469874DC}.Default|Any CPU.Build.0 = Debug|Any CPU
		{76F0008E-04E7-448E-907F-01FF469874DC}.Default|Mixed Platforms.ActiveCfg = Debug|Any CPU
		{76F0008E-04E7-448E-907F-01FF469874DC}.Default|Mixed Platforms.Build.0 = Debug|Any CPU
		{76F0008E-04E7-448E-907F-01FF469874DC}.Release|.NET.ActiveCfg = Release|Any CPU
		{76F0008E-04E7-448E-907F-01FF469874DC}.Release|.NET.Build.0 = Release|Any CPU
		{76F0008E-04E7-448E-907F-01FF469874DC}.Release|Any CPU.ActiveCfg = Release|Any CPU
		{76F0008E-04E7-448E-907F-01FF469874DC}.Release|Any CPU.Build.0 = Release|Any CPU
		{76F0008E-04E7-448E-907F-01FF469874DC}.Release|Mixed Platforms.ActiveCfg = Release|Any CPU
		{76F0008E-04E7-448E-907F-01FF469874DC}.Release|Mixed Platforms.Build.0 = Release|Any CPU
		{76F0008E-04E7-448E-907F-01FF469874DC}.WaterDev|.NET.ActiveCfg = WaterDev|Any CPU
		{76F0008E-04E7-448E-907F-01FF469874DC}.WaterDev|.NET.Build.0 = WaterDev|Any CPU
		{76F0008E-04E7-448E-907F-01FF469874DC}.WaterDev|Any CPU.ActiveCfg = WaterDev|Any CPU
		{76F0008E-04E7-448E-907F-01FF469874DC}.WaterDev|Mixed Platforms.ActiveCfg = WaterDev|Any CPU
		{76F0008E-04E7-448E-907F-01FF469874DC}.WaterDev|Mixed Platforms.Build.0 = WaterDev|Any CPU
		{E16ABD2F-E3B8-498D-A441-09928E54E4C2}.Debug|.NET.ActiveCfg = Debug|Any CPU
		{E16ABD2F-E3B8-498D-A441-09928E54E4C2}.Debug|Any CPU.ActiveCfg = Debug|Any CPU
		{E16ABD2F-E3B8-498D-A441-09928E54E4C2}.Debug|Any CPU.Build.0 = Debug|Any CPU
		{E16ABD2F-E3B8-498D-A441-09928E54E4C2}.Debug|Mixed Platforms.ActiveCfg = Debug|Any CPU
		{E16ABD2F-E3B8-498D-A441-09928E54E4C2}.Debug|Mixed Platforms.Build.0 = Debug|Any CPU
		{E16ABD2F-E3B8-498D-A441-09928E54E4C2}.Default|.NET.ActiveCfg = Debug|Any CPU
		{E16ABD2F-E3B8-498D-A441-09928E54E4C2}.Default|Any CPU.ActiveCfg = Debug|Any CPU
		{E16ABD2F-E3B8-498D-A441-09928E54E4C2}.Default|Any CPU.Build.0 = Debug|Any CPU
		{E16ABD2F-E3B8-498D-A441-09928E54E4C2}.Default|Mixed Platforms.ActiveCfg = Debug|Any CPU
		{E16ABD2F-E3B8-498D-A441-09928E54E4C2}.Default|Mixed Platforms.Build.0 = Debug|Any CPU
		{E16ABD2F-E3B8-498D-A441-09928E54E4C2}.Release|.NET.ActiveCfg = Debug|Any CPU
		{E16ABD2F-E3B8-498D-A441-09928E54E4C2}.Release|Any CPU.ActiveCfg = Release|Any CPU
		{E16ABD2F-E3B8-498D-A441-09928E54E4C2}.Release|Any CPU.Build.0 = Release|Any CPU
		{E16ABD2F-E3B8-498D-A441-09928E54E4C2}.Release|Mixed Platforms.ActiveCfg = Release|Any CPU
		{E16ABD2F-E3B8-498D-A441-09928E54E4C2}.Release|Mixed Platforms.Build.0 = Release|Any CPU
		{E16ABD2F-E3B8-498D-A441-09928E54E4C2}.WaterDev|.NET.ActiveCfg = Release|Any CPU
		{E16ABD2F-E3B8-498D-A441-09928E54E4C2}.WaterDev|Any CPU.ActiveCfg = Release|Any CPU
		{E16ABD2F-E3B8-498D-A441-09928E54E4C2}.WaterDev|Any CPU.Build.0 = Release|Any CPU
		{E16ABD2F-E3B8-498D-A441-09928E54E4C2}.WaterDev|Mixed Platforms.ActiveCfg = Release|Any CPU
		{E16ABD2F-E3B8-498D-A441-09928E54E4C2}.WaterDev|Mixed Platforms.Build.0 = Release|Any CPU
		{79C351EE-392B-474E-B182-E75D558A4EB7}.Debug|.NET.ActiveCfg = Debug|Any CPU
		{79C351EE-392B-474E-B182-E75D558A4EB7}.Debug|.NET.Build.0 = Debug|Any CPU
		{79C351EE-392B-474E-B182-E75D558A4EB7}.Debug|Any CPU.ActiveCfg = Debug|Any CPU
		{79C351EE-392B-474E-B182-E75D558A4EB7}.Debug|Any CPU.Build.0 = Debug|Any CPU
		{79C351EE-392B-474E-B182-E75D558A4EB7}.Debug|Mixed Platforms.ActiveCfg = Debug|Any CPU
		{79C351EE-392B-474E-B182-E75D558A4EB7}.Debug|Mixed Platforms.Build.0 = Debug|Any CPU
		{79C351EE-392B-474E-B182-E75D558A4EB7}.Default|.NET.ActiveCfg = Debug|Any CPU
		{79C351EE-392B-474E-B182-E75D558A4EB7}.Default|.NET.Build.0 = Debug|Any CPU
		{79C351EE-392B-474E-B182-E75D558A4EB7}.Default|Any CPU.ActiveCfg = Debug|Any CPU
		{79C351EE-392B-474E-B182-E75D558A4EB7}.Default|Any CPU.Build.0 = Debug|Any CPU
		{79C351EE-392B-474E-B182-E75D558A4EB7}.Default|Mixed Platforms.ActiveCfg = Debug|Any CPU
		{79C351EE-392B-474E-B182-E75D558A4EB7}.Default|Mixed Platforms.Build.0 = Debug|Any CPU
		{79C351EE-392B-474E-B182-E75D558A4EB7}.Release|.NET.ActiveCfg = Release|Any CPU
		{79C351EE-392B-474E-B182-E75D558A4EB7}.Release|Any CPU.ActiveCfg = Release|Any CPU
		{79C351EE-392B-474E-B182-E75D558A4EB7}.Release|Any CPU.Build.0 = Release|Any CPU
		{79C351EE-392B-474E-B182-E75D558A4EB7}.Release|Mixed Platforms.ActiveCfg = Release|Any CPU
		{79C351EE-392B-474E-B182-E75D558A4EB7}.Release|Mixed Platforms.Build.0 = Release|Any CPU
		{79C351EE-392B-474E-B182-E75D558A4EB7}.WaterDev|.NET.ActiveCfg = Release|Any CPU
		{79C351EE-392B-474E-B182-E75D558A4EB7}.WaterDev|.NET.Build.0 = Release|Any CPU
		{79C351EE-392B-474E-B182-E75D558A4EB7}.WaterDev|Any CPU.ActiveCfg = Release|Any CPU
		{79C351EE-392B-474E-B182-E75D558A4EB7}.WaterDev|Any CPU.Build.0 = Release|Any CPU
		{79C351EE-392B-474E-B182-E75D558A4EB7}.WaterDev|Mixed Platforms.ActiveCfg = Release|Any CPU
		{79C351EE-392B-474E-B182-E75D558A4EB7}.WaterDev|Mixed Platforms.Build.0 = Release|Any CPU
		{6C533CAF-5213-49F2-A980-D04E6C40D18E}.Debug|.NET.ActiveCfg = Debug|Any CPU
		{6C533CAF-5213-49F2-A980-D04E6C40D18E}.Debug|Any CPU.ActiveCfg = Debug|Any CPU
		{6C533CAF-5213-49F2-A980-D04E6C40D18E}.Debug|Any CPU.Build.0 = Debug|Any CPU
		{6C533CAF-5213-49F2-A980-D04E6C40D18E}.Debug|Mixed Platforms.ActiveCfg = Debug|Any CPU
		{6C533CAF-5213-49F2-A980-D04E6C40D18E}.Debug|Mixed Platforms.Build.0 = Debug|Any CPU
		{6C533CAF-5213-49F2-A980-D04E6C40D18E}.Default|.NET.ActiveCfg = Debug|Any CPU
		{6C533CAF-5213-49F2-A980-D04E6C40D18E}.Default|Any CPU.ActiveCfg = Debug|Any CPU
		{6C533CAF-5213-49F2-A980-D04E6C40D18E}.Default|Any CPU.Build.0 = Debug|Any CPU
		{6C533CAF-5213-49F2-A980-D04E6C40D18E}.Default|Mixed Platforms.ActiveCfg = Debug|Any CPU
		{6C533CAF-5213-49F2-A980-D04E6C40D18E}.Default|Mixed Platforms.Build.0 = Debug|Any CPU
		{6C533CAF-5213-49F2-A980-D04E6C40D18E}.Release|.NET.ActiveCfg = Release|Any CPU
		{6C533CAF-5213-49F2-A980-D04E6C40D18E}.Release|Any CPU.ActiveCfg = Release|Any CPU
		{6C533CAF-5213-49F2-A980-D04E6C40D18E}.Release|Any CPU.Build.0 = Release|Any CPU
		{6C533CAF-5213-49F2-A980-D04E6C40D18E}.Release|Mixed Platforms.ActiveCfg = Release|Any CPU
		{6C533CAF-5213-49F2-A980-D04E6C40D18E}.Release|Mixed Platforms.Build.0 = Release|Any CPU
		{6C533CAF-5213-49F2-A980-D04E6C40D18E}.WaterDev|.NET.ActiveCfg = Release|Any CPU
		{6C533CAF-5213-49F2-A980-D04E6C40D18E}.WaterDev|Any CPU.ActiveCfg = Release|Any CPU
		{6C533CAF-5213-49F2-A980-D04E6C40D18E}.WaterDev|Any CPU.Build.0 = Release|Any CPU
		{6C533CAF-5213-49F2-A980-D04E6C40D18E}.WaterDev|Mixed Platforms.ActiveCfg = Release|Any CPU
		{6C533CAF-5213-49F2-A980-D04E6C40D18E}.WaterDev|Mixed Platforms.Build.0 = Release|Any CPU
		{5EEAEAA9-A624-4C68-A6B9-250AF448DE4B}.Debug|.NET.ActiveCfg = Debug|Any CPU
		{5EEAEAA9-A624-4C68-A6B9-250AF448DE4B}.Debug|.NET.Build.0 = Debug|Any CPU
		{5EEAEAA9-A624-4C68-A6B9-250AF448DE4B}.Debug|Any CPU.ActiveCfg = Debug|Any CPU
		{5EEAEAA9-A624-4C68-A6B9-250AF448DE4B}.Debug|Any CPU.Build.0 = Debug|Any CPU
		{5EEAEAA9-A624-4C68-A6B9-250AF448DE4B}.Debug|Mixed Platforms.ActiveCfg = Debug|Any CPU
		{5EEAEAA9-A624-4C68-A6B9-250AF448DE4B}.Debug|Mixed Platforms.Build.0 = Debug|Any CPU
		{5EEAEAA9-A624-4C68-A6B9-250AF448DE4B}.Default|.NET.ActiveCfg = Debug|Any CPU
		{5EEAEAA9-A624-4C68-A6B9-250AF448DE4B}.Default|.NET.Build.0 = Debug|Any CPU
		{5EEAEAA9-A624-4C68-A6B9-250AF448DE4B}.Default|Any CPU.ActiveCfg = Debug|Any CPU
		{5EEAEAA9-A624-4C68-A6B9-250AF448DE4B}.Default|Any CPU.Build.0 = Debug|Any CPU
		{5EEAEAA9-A624-4C68-A6B9-250AF448DE4B}.Default|Mixed Platforms.ActiveCfg = Debug|Any CPU
		{5EEAEAA9-A624-4C68-A6B9-250AF448DE4B}.Default|Mixed Platforms.Build.0 = Debug|Any CPU
		{5EEAEAA9-A624-4C68-A6B9-250AF448DE4B}.Release|.NET.ActiveCfg = Release|Any CPU
		{5EEAEAA9-A624-4C68-A6B9-250AF448DE4B}.Release|Any CPU.ActiveCfg = Release|Any CPU
		{5EEAEAA9-A624-4C68-A6B9-250AF448DE4B}.Release|Any CPU.Build.0 = Release|Any CPU
		{5EEAEAA9-A624-4C68-A6B9-250AF448DE4B}.Release|Mixed Platforms.ActiveCfg = Release|Any CPU
		{5EEAEAA9-A624-4C68-A6B9-250AF448DE4B}.Release|Mixed Platforms.Build.0 = Release|Any CPU
		{5EEAEAA9-A624-4C68-A6B9-250AF448DE4B}.WaterDev|.NET.ActiveCfg = Release|Any CPU
		{5EEAEAA9-A624-4C68-A6B9-250AF448DE4B}.WaterDev|.NET.Build.0 = Release|Any CPU
		{5EEAEAA9-A624-4C68-A6B9-250AF448DE4B}.WaterDev|Any CPU.ActiveCfg = Release|Any CPU
		{5EEAEAA9-A624-4C68-A6B9-250AF448DE4B}.WaterDev|Any CPU.Build.0 = Release|Any CPU
		{5EEAEAA9-A624-4C68-A6B9-250AF448DE4B}.WaterDev|Mixed Platforms.ActiveCfg = Release|Any CPU
		{5EEAEAA9-A624-4C68-A6B9-250AF448DE4B}.WaterDev|Mixed Platforms.Build.0 = Release|Any CPU
		{7CC3CBAF-84AA-4C14-95A8-926C92580F3E}.Debug|.NET.ActiveCfg = Debug|Any CPU
		{7CC3CBAF-84AA-4C14-95A8-926C92580F3E}.Debug|.NET.Build.0 = Debug|Any CPU
		{7CC3CBAF-84AA-4C14-95A8-926C92580F3E}.Debug|Any CPU.ActiveCfg = Debug|Any CPU
		{7CC3CBAF-84AA-4C14-95A8-926C92580F3E}.Debug|Any CPU.Build.0 = Debug|Any CPU
		{7CC3CBAF-84AA-4C14-95A8-926C92580F3E}.Debug|Mixed Platforms.ActiveCfg = Debug|Any CPU
		{7CC3CBAF-84AA-4C14-95A8-926C92580F3E}.Debug|Mixed Platforms.Build.0 = Debug|Any CPU
		{7CC3CBAF-84AA-4C14-95A8-926C92580F3E}.Default|.NET.ActiveCfg = Debug|Any CPU
		{7CC3CBAF-84AA-4C14-95A8-926C92580F3E}.Default|.NET.Build.0 = Debug|Any CPU
		{7CC3CBAF-84AA-4C14-95A8-926C92580F3E}.Default|Any CPU.ActiveCfg = Debug|Any CPU
		{7CC3CBAF-84AA-4C14-95A8-926C92580F3E}.Default|Any CPU.Build.0 = Debug|Any CPU
		{7CC3CBAF-84AA-4C14-95A8-926C92580F3E}.Default|Mixed Platforms.ActiveCfg = Debug|Any CPU
		{7CC3CBAF-84AA-4C14-95A8-926C92580F3E}.Default|Mixed Platforms.Build.0 = Debug|Any CPU
		{7CC3CBAF-84AA-4C14-95A8-926C92580F3E}.Release|.NET.ActiveCfg = Release|Any CPU
		{7CC3CBAF-84AA-4C14-95A8-926C92580F3E}.Release|Any CPU.ActiveCfg = Release|Any CPU
		{7CC3CBAF-84AA-4C14-95A8-926C92580F3E}.Release|Any CPU.Build.0 = Release|Any CPU
		{7CC3CBAF-84AA-4C14-95A8-926C92580F3E}.Release|Mixed Platforms.ActiveCfg = Release|Any CPU
		{7CC3CBAF-84AA-4C14-95A8-926C92580F3E}.Release|Mixed Platforms.Build.0 = Release|Any CPU
		{7CC3CBAF-84AA-4C14-95A8-926C92580F3E}.WaterDev|.NET.ActiveCfg = Release|Any CPU
		{7CC3CBAF-84AA-4C14-95A8-926C92580F3E}.WaterDev|.NET.Build.0 = Release|Any CPU
		{7CC3CBAF-84AA-4C14-95A8-926C92580F3E}.WaterDev|Any CPU.ActiveCfg = Release|Any CPU
		{7CC3CBAF-84AA-4C14-95A8-926C92580F3E}.WaterDev|Any CPU.Build.0 = Release|Any CPU
		{7CC3CBAF-84AA-4C14-95A8-926C92580F3E}.WaterDev|Mixed Platforms.ActiveCfg = Release|Any CPU
		{7CC3CBAF-84AA-4C14-95A8-926C92580F3E}.WaterDev|Mixed Platforms.Build.0 = Release|Any CPU
		{32144077-B780-491E-B0F4-EA29440B056B}.Debug|.NET.ActiveCfg = Debug|Any CPU
		{32144077-B780-491E-B0F4-EA29440B056B}.Debug|.NET.Build.0 = Debug|Any CPU
		{32144077-B780-491E-B0F4-EA29440B056B}.Debug|Any CPU.ActiveCfg = Debug|Any CPU
		{32144077-B780-491E-B0F4-EA29440B056B}.Debug|Any CPU.Build.0 = Debug|Any CPU
		{32144077-B780-491E-B0F4-EA29440B056B}.Debug|Mixed Platforms.ActiveCfg = Debug|Any CPU
		{32144077-B780-491E-B0F4-EA29440B056B}.Debug|Mixed Platforms.Build.0 = Debug|Any CPU
		{32144077-B780-491E-B0F4-EA29440B056B}.Default|.NET.ActiveCfg = Debug|Any CPU
		{32144077-B780-491E-B0F4-EA29440B056B}.Default|Any CPU.ActiveCfg = Debug|Any CPU
		{32144077-B780-491E-B0F4-EA29440B056B}.Default|Any CPU.Build.0 = Debug|Any CPU
		{32144077-B780-491E-B0F4-EA29440B056B}.Default|Mixed Platforms.ActiveCfg = Debug|Any CPU
		{32144077-B780-491E-B0F4-EA29440B056B}.Default|Mixed Platforms.Build.0 = Debug|Any CPU
		{32144077-B780-491E-B0F4-EA29440B056B}.Release|.NET.ActiveCfg = Release|Any CPU
		{32144077-B780-491E-B0F4-EA29440B056B}.Release|Any CPU.ActiveCfg = Release|Any CPU
		{32144077-B780-491E-B0F4-EA29440B056B}.Release|Any CPU.Build.0 = Release|Any CPU
		{32144077-B780-491E-B0F4-EA29440B056B}.Release|Mixed Platforms.ActiveCfg = Release|Any CPU
		{32144077-B780-491E-B0F4-EA29440B056B}.Release|Mixed Platforms.Build.0 = Release|Any CPU
		{32144077-B780-491E-B0F4-EA29440B056B}.WaterDev|.NET.ActiveCfg = Release|Any CPU
		{32144077-B780-491E-B0F4-EA29440B056B}.WaterDev|.NET.Build.0 = Release|Any CPU
		{32144077-B780-491E-B0F4-EA29440B056B}.WaterDev|Any CPU.ActiveCfg = Release|Any CPU
		{32144077-B780-491E-B0F4-EA29440B056B}.WaterDev|Any CPU.Build.0 = Release|Any CPU
		{32144077-B780-491E-B0F4-EA29440B056B}.WaterDev|Mixed Platforms.ActiveCfg = Release|Any CPU
		{32144077-B780-491E-B0F4-EA29440B056B}.WaterDev|Mixed Platforms.Build.0 = Release|Any CPU
		{248EF659-0FA1-4309-BC7A-CB5695D7C345}.Debug|.NET.ActiveCfg = Debug|Any CPU
		{248EF659-0FA1-4309-BC7A-CB5695D7C345}.Debug|Any CPU.ActiveCfg = Debug|Any CPU
		{248EF659-0FA1-4309-BC7A-CB5695D7C345}.Debug|Any CPU.Build.0 = Debug|Any CPU
		{248EF659-0FA1-4309-BC7A-CB5695D7C345}.Debug|Mixed Platforms.ActiveCfg = Debug|Any CPU
		{248EF659-0FA1-4309-BC7A-CB5695D7C345}.Debug|Mixed Platforms.Build.0 = Debug|Any CPU
		{248EF659-0FA1-4309-BC7A-CB5695D7C345}.Default|.NET.ActiveCfg = Debug|Any CPU
		{248EF659-0FA1-4309-BC7A-CB5695D7C345}.Default|Any CPU.ActiveCfg = Debug|Any CPU
		{248EF659-0FA1-4309-BC7A-CB5695D7C345}.Default|Any CPU.Build.0 = Debug|Any CPU
		{248EF659-0FA1-4309-BC7A-CB5695D7C345}.Default|Mixed Platforms.ActiveCfg = Debug|Any CPU
		{248EF659-0FA1-4309-BC7A-CB5695D7C345}.Default|Mixed Platforms.Build.0 = Debug|Any CPU
		{248EF659-0FA1-4309-BC7A-CB5695D7C345}.Release|.NET.ActiveCfg = Release|Any CPU
		{248EF659-0FA1-4309-BC7A-CB5695D7C345}.Release|Any CPU.ActiveCfg = Release|Any CPU
		{248EF659-0FA1-4309-BC7A-CB5695D7C345}.Release|Any CPU.Build.0 = Release|Any CPU
		{248EF659-0FA1-4309-BC7A-CB5695D7C345}.Release|Mixed Platforms.ActiveCfg = Release|Any CPU
		{248EF659-0FA1-4309-BC7A-CB5695D7C345}.Release|Mixed Platforms.Build.0 = Release|Any CPU
		{248EF659-0FA1-4309-BC7A-CB5695D7C345}.WaterDev|.NET.ActiveCfg = Release|Any CPU
		{248EF659-0FA1-4309-BC7A-CB5695D7C345}.WaterDev|Any CPU.ActiveCfg = Release|Any CPU
		{248EF659-0FA1-4309-BC7A-CB5695D7C345}.WaterDev|Any CPU.Build.0 = Release|Any CPU
		{248EF659-0FA1-4309-BC7A-CB5695D7C345}.WaterDev|Mixed Platforms.ActiveCfg = Release|Any CPU
		{248EF659-0FA1-4309-BC7A-CB5695D7C345}.WaterDev|Mixed Platforms.Build.0 = Release|Any CPU
		{ED7EE273-9B41-4981-8709-79BF4A50E0A8}.Debug|.NET.ActiveCfg = Debug|Any CPU
		{ED7EE273-9B41-4981-8709-79BF4A50E0A8}.Debug|Any CPU.ActiveCfg = Debug|Any CPU
		{ED7EE273-9B41-4981-8709-79BF4A50E0A8}.Debug|Any CPU.Build.0 = Debug|Any CPU
		{ED7EE273-9B41-4981-8709-79BF4A50E0A8}.Debug|Mixed Platforms.ActiveCfg = Debug|Any CPU
		{ED7EE273-9B41-4981-8709-79BF4A50E0A8}.Debug|Mixed Platforms.Build.0 = Debug|Any CPU
		{ED7EE273-9B41-4981-8709-79BF4A50E0A8}.Default|.NET.ActiveCfg = Debug|Any CPU
		{ED7EE273-9B41-4981-8709-79BF4A50E0A8}.Default|Any CPU.ActiveCfg = Debug|Any CPU
		{ED7EE273-9B41-4981-8709-79BF4A50E0A8}.Default|Any CPU.Build.0 = Debug|Any CPU
		{ED7EE273-9B41-4981-8709-79BF4A50E0A8}.Default|Mixed Platforms.ActiveCfg = Debug|Any CPU
		{ED7EE273-9B41-4981-8709-79BF4A50E0A8}.Default|Mixed Platforms.Build.0 = Debug|Any CPU
		{ED7EE273-9B41-4981-8709-79BF4A50E0A8}.Release|.NET.ActiveCfg = Release|Any CPU
		{ED7EE273-9B41-4981-8709-79BF4A50E0A8}.Release|Any CPU.ActiveCfg = Release|Any CPU
		{ED7EE273-9B41-4981-8709-79BF4A50E0A8}.Release|Any CPU.Build.0 = Release|Any CPU
		{ED7EE273-9B41-4981-8709-79BF4A50E0A8}.Release|Mixed Platforms.ActiveCfg = Release|Any CPU
		{ED7EE273-9B41-4981-8709-79BF4A50E0A8}.Release|Mixed Platforms.Build.0 = Release|Any CPU
		{ED7EE273-9B41-4981-8709-79BF4A50E0A8}.WaterDev|.NET.ActiveCfg = Release|Any CPU
		{ED7EE273-9B41-4981-8709-79BF4A50E0A8}.WaterDev|Any CPU.ActiveCfg = Release|Any CPU
		{ED7EE273-9B41-4981-8709-79BF4A50E0A8}.WaterDev|Any CPU.Build.0 = Release|Any CPU
		{ED7EE273-9B41-4981-8709-79BF4A50E0A8}.WaterDev|Mixed Platforms.ActiveCfg = Release|Any CPU
		{ED7EE273-9B41-4981-8709-79BF4A50E0A8}.WaterDev|Mixed Platforms.Build.0 = Release|Any CPU
	EndGlobalSection
	GlobalSection(SolutionProperties) = preSolution
		HideSolutionNode = FALSE
	EndGlobalSection
	GlobalSection(TextTemplating) = postSolution
		TextTemplating = 1
	EndGlobalSection
EndGlobal
