
Microsoft Visual Studio Solution File, Format Version 10.00
# Visual Studio 2008
Project("{FAE04EC0-301F-11D3-BF4B-00C04F79EFBC}") = "HydroServer.Framework", "HydroServer.Framework\HydroServer.Framework.csproj", "{AD79E432-5CDD-43F4-87A3-4070E289EF32}"
EndProject
Project("{FAE04EC0-301F-11D3-BF4B-00C04F79EFBC}") = "HydroServer.USU", "HydroServer.USU\HydroServer.USU.csproj", "{0EE66968-EAC9-46CF-B1C7-EC2BFE8732E4}"
EndProject
Global
	GlobalSection(SolutionConfigurationPlatforms) = preSolution
		Debug|Any CPU = Debug|Any CPU
		Release|Any CPU = Release|Any CPU
	EndGlobalSection
	GlobalSection(ProjectConfigurationPlatforms) = postSolution
		{AD79E432-5CDD-43F4-87A3-4070E289EF32}.Debug|Any CPU.ActiveCfg = Debug|Any CPU
		{AD79E432-5CDD-43F4-87A3-4070E289EF32}.Debug|Any CPU.Build.0 = Debug|Any CPU
		{AD79E432-5CDD-43F4-87A3-4070E289EF32}.Release|Any CPU.ActiveCfg = Release|Any CPU
		{AD79E432-5CDD-43F4-87A3-4070E289EF32}.Release|Any CPU.Build.0 = Release|Any CPU
		{0EE66968-EAC9-46CF-B1C7-EC2BFE8732E4}.Debug|Any CPU.ActiveCfg = Debug|Any CPU
		{0EE66968-EAC9-46CF-B1C7-EC2BFE8732E4}.Debug|Any CPU.Build.0 = Debug|Any CPU
		{0EE66968-EAC9-46CF-B1C7-EC2BFE8732E4}.Release|Any CPU.ActiveCfg = Release|Any CPU
		{0EE66968-EAC9-46CF-B1C7-EC2BFE8732E4}.Release|Any CPU.Build.0 = Release|Any CPU
	EndGlobalSection
	GlobalSection(SolutionProperties) = preSolution
		HideSolutionNode = FALSE
	EndGlobalSection
EndGlobal
