
Microsoft Visual Studio Solution File, Format Version 9.00
# Visual Studio 2005
Project("{F184B08F-C81C-45F6-A57F-5ABD9991F28F}") = "HIS_Config", "HIS_Config.vbproj", "{CBEA25BB-F9EF-45A1-8624-C9CC201D1321}"
EndProject
Project("{F184B08F-C81C-45F6-A57F-5ABD9991F28F}") = "OGC_WMS_API", "..\OGC_WMS_Maps\OGC_WMS_API.vbproj", "{8DA8B76E-5F89-4D15-954F-B788C38A40F4}"
EndProject
Project("{54435603-DBB4-11D2-8724-00A0C9A8B90C}") = "Installer", "Installer\Installer.vdproj", "{40A7AA56-5A7F-4A91-97F0-9A2FA356B30D}"
EndProject
Global
	GlobalSection(SourceCodeControl) = preSolution
		SccNumberOfProjects = 4
		SccProjectName0 = \u0022$/ICEWATER/HISServerCapabilitiesConfig.root\u0022,\u0020RDPBAAAA
		SccLocalPath0 = ..
		SccProvider0 = MSSCCI:Microsoft\u0020Visual\u0020SourceSafe
		SccProjectFilePathRelativizedFromConnection0 = WSDL\u0020Test\\
		SccProjectUniqueName1 = HIS_Config.vbproj
		SccLocalPath1 = ..
		SccProjectFilePathRelativizedFromConnection1 = WSDL\u0020Test\\
		SccProjectUniqueName2 = ..\\OGC_WMS_Maps\\OGC_WMS_API.vbproj
		SccLocalPath2 = ..
		SccProjectFilePathRelativizedFromConnection2 = OGC_WMS_Maps\\
		SccProjectUniqueName3 = Installer\\Installer.vdproj
		SccLocalPath3 = ..
		SccProjectFilePathRelativizedFromConnection3 = WSDL\u0020Test\\Installer\\
	EndGlobalSection
	GlobalSection(SolutionConfigurationPlatforms) = preSolution
		Debug|.NET = Debug|.NET
		Debug|Any CPU = Debug|Any CPU
		Debug|Mixed Platforms = Debug|Mixed Platforms
		Release|.NET = Release|.NET
		Release|Any CPU = Release|Any CPU
		Release|Mixed Platforms = Release|Mixed Platforms
	EndGlobalSection
	GlobalSection(ProjectConfigurationPlatforms) = postSolution
		{CBEA25BB-F9EF-45A1-8624-C9CC201D1321}.Debug|.NET.ActiveCfg = Debug|Any CPU
		{CBEA25BB-F9EF-45A1-8624-C9CC201D1321}.Debug|Any CPU.ActiveCfg = Debug|Any CPU
		{CBEA25BB-F9EF-45A1-8624-C9CC201D1321}.Debug|Any CPU.Build.0 = Debug|Any CPU
		{CBEA25BB-F9EF-45A1-8624-C9CC201D1321}.Debug|Mixed Platforms.ActiveCfg = Debug|Any CPU
		{CBEA25BB-F9EF-45A1-8624-C9CC201D1321}.Debug|Mixed Platforms.Build.0 = Debug|Any CPU
		{CBEA25BB-F9EF-45A1-8624-C9CC201D1321}.Release|.NET.ActiveCfg = Release|Any CPU
		{CBEA25BB-F9EF-45A1-8624-C9CC201D1321}.Release|Any CPU.ActiveCfg = Release|Any CPU
		{CBEA25BB-F9EF-45A1-8624-C9CC201D1321}.Release|Any CPU.Build.0 = Release|Any CPU
		{CBEA25BB-F9EF-45A1-8624-C9CC201D1321}.Release|Mixed Platforms.ActiveCfg = Release|Any CPU
		{CBEA25BB-F9EF-45A1-8624-C9CC201D1321}.Release|Mixed Platforms.Build.0 = Release|Any CPU
		{8DA8B76E-5F89-4D15-954F-B788C38A40F4}.Debug|.NET.ActiveCfg = Debug|Any CPU
		{8DA8B76E-5F89-4D15-954F-B788C38A40F4}.Debug|Any CPU.ActiveCfg = Debug|Any CPU
		{8DA8B76E-5F89-4D15-954F-B788C38A40F4}.Debug|Any CPU.Build.0 = Debug|Any CPU
		{8DA8B76E-5F89-4D15-954F-B788C38A40F4}.Debug|Mixed Platforms.ActiveCfg = Debug|Any CPU
		{8DA8B76E-5F89-4D15-954F-B788C38A40F4}.Debug|Mixed Platforms.Build.0 = Debug|Any CPU
		{8DA8B76E-5F89-4D15-954F-B788C38A40F4}.Release|.NET.ActiveCfg = Release|Any CPU
		{8DA8B76E-5F89-4D15-954F-B788C38A40F4}.Release|Any CPU.ActiveCfg = Release|Any CPU
		{8DA8B76E-5F89-4D15-954F-B788C38A40F4}.Release|Any CPU.Build.0 = Release|Any CPU
		{8DA8B76E-5F89-4D15-954F-B788C38A40F4}.Release|Mixed Platforms.ActiveCfg = Release|Any CPU
		{8DA8B76E-5F89-4D15-954F-B788C38A40F4}.Release|Mixed Platforms.Build.0 = Release|Any CPU
		{40A7AA56-5A7F-4A91-97F0-9A2FA356B30D}.Debug|.NET.ActiveCfg = Debug
		{40A7AA56-5A7F-4A91-97F0-9A2FA356B30D}.Debug|Any CPU.ActiveCfg = Debug
		{40A7AA56-5A7F-4A91-97F0-9A2FA356B30D}.Debug|Mixed Platforms.ActiveCfg = Debug
		{40A7AA56-5A7F-4A91-97F0-9A2FA356B30D}.Release|.NET.ActiveCfg = Release
		{40A7AA56-5A7F-4A91-97F0-9A2FA356B30D}.Release|Any CPU.ActiveCfg = Release
		{40A7AA56-5A7F-4A91-97F0-9A2FA356B30D}.Release|Mixed Platforms.ActiveCfg = Release
	EndGlobalSection
	GlobalSection(SolutionProperties) = preSolution
		HideSolutionNode = FALSE
	EndGlobalSection
EndGlobal
