Microsoft Visual Studio Solution File, Format Version 9.00
# Visual Studio 2005
Project("{F184B08F-C81C-45F6-A57F-5ABD9991F28F}") = "ODM_Tools1_1", "ODM_Tools1_1.vbproj", "{DFF3379F-699B-417F-89B2-2C8C19A279C1}"
EndProject
Project("{F184B08F-C81C-45F6-A57F-5ABD9991F28F}") = "ODM_CVUpdateDLL", "..\ODM_CVUpdateDLL\ODM_CVUpdateDLL.vbproj", "{680216F6-6052-4550-BE5D-8B874C2559EA}"
EndProject
Project("{54435603-DBB4-11D2-8724-00A0C9A8B90C}") = "Installer", "..\Installer\Installer.vdproj", "{ED134AA3-40F3-4985-87E7-AF80D875ABDA}"
EndProject
Global
	GlobalSection(SolutionConfigurationPlatforms) = preSolution
		Debug|Any CPU = Debug|Any CPU
		Release|Any CPU = Release|Any CPU
	EndGlobalSection
	GlobalSection(ProjectConfigurationPlatforms) = postSolution
		{DFF3379F-699B-417F-89B2-2C8C19A279C1}.Debug|Any CPU.ActiveCfg = Debug|Any CPU
		{DFF3379F-699B-417F-89B2-2C8C19A279C1}.Debug|Any CPU.Build.0 = Debug|Any CPU
		{DFF3379F-699B-417F-89B2-2C8C19A279C1}.Release|Any CPU.ActiveCfg = Release|Any CPU
		{DFF3379F-699B-417F-89B2-2C8C19A279C1}.Release|Any CPU.Build.0 = Release|Any CPU
		{680216F6-6052-4550-BE5D-8B874C2559EA}.Debug|Any CPU.ActiveCfg = Debug|Any CPU
		{680216F6-6052-4550-BE5D-8B874C2559EA}.Debug|Any CPU.Build.0 = Debug|Any CPU
		{680216F6-6052-4550-BE5D-8B874C2559EA}.Release|Any CPU.ActiveCfg = Release|Any CPU
		{680216F6-6052-4550-BE5D-8B874C2559EA}.Release|Any CPU.Build.0 = Release|Any CPU
		{ED134AA3-40F3-4985-87E7-AF80D875ABDA}.Debug|Any CPU.ActiveCfg = Debug
		{ED134AA3-40F3-4985-87E7-AF80D875ABDA}.Release|Any CPU.ActiveCfg = Release
	EndGlobalSection
	GlobalSection(SolutionProperties) = preSolution
		HideSolutionNode = FALSE
	EndGlobalSection
EndGlobal
